
Microsoft Visual Studio Solution File, Format Version 12.00
# Visual Studio Version 16
VisualStudioVersion = 16.0.30804.86
MinimumVisualStudioVersion = 10.0.40219.1
Project("{FAE04EC0-301F-11D3-BF4B-00C04F79EFBC}") = "EmployeeManagementSystem", "EmployeeManagementSystem\EmployeeManagementSystem.csproj", "{51972879-3DE9-493D-BA6E-2BA6A34BDEA5}"
EndProject
Global
	GlobalSection(SolutionConfigurationPlatforms) = preSolution
		Debug|Any CPU = Debug|Any CPU
		Release|Any CPU = Release|Any CPU
	EndGlobalSection
	GlobalSection(ProjectConfigurationPlatforms) = postSolution
		{51972879-3DE9-493D-BA6E-2BA6A34BDEA5}.Debug|Any CPU.ActiveCfg = Debug|Any CPU
		{51972879-3DE9-493D-BA6E-2BA6A34BDEA5}.Debug|Any CPU.Build.0 = Debug|Any CPU
		{51972879-3DE9-493D-BA6E-2BA6A34BDEA5}.Release|Any CPU.ActiveCfg = Release|Any CPU
		{51972879-3DE9-493D-BA6E-2BA6A34BDEA5}.Release|Any CPU.Build.0 = Release|Any CPU
	EndGlobalSection
	GlobalSection(SolutionProperties) = preSolution
		HideSolutionNode = FALSE
	EndGlobalSection
	GlobalSection(ExtensibilityGlobals) = postSolution
		SolutionGuid = {44B77211-7E66-4772-BD2F-C318A446F3F0}
	EndGlobalSection
EndGlobal
